<?xml version="1.0" encoding="utf-8"?>
<Project ToolsVersion="4.0" xmlns="http://schemas.microsoft.com/developer/msbuild/2003">
  <ItemGroup>
    <Filter Include="Source Files">
      <UniqueIdentifier>{509d3a7e-a9f4-4adf-abf1-0a78ba037f73}</UniqueIdentifier>
    </Filter>
    <Filter Include="Header Files">
      <UniqueIdentifier>{68957a20-7311-43c5-b2f5-4ef5e3541a60}</UniqueIdentifier>
    </Filter>
    <Filter Include="Game States">
      <UniqueIdentifier>{7db1bfe6-7ec8-405b-b823-c40c0c37011f}</UniqueIdentifier>
    </Filter>
  </ItemGroup>
  <ItemGroup>
    <ClInclude Include="..\Include\SDLHeaders.h">
      <Filter>Header Files</Filter>
    </ClInclude>
    <ClInclude Include="..\Include\Sprite.h">
      <Filter>Header Files</Filter>
    </ClInclude>
    <ClInclude Include="..\Include\libheaders.h">
      <Filter>Header Files</Filter>
    </ClInclude>
    <ClInclude Include="..\Include\ImgManager.h">
      <Filter>Header Files</Filter>
    </ClInclude>
    <ClInclude Include="..\Include\State.h">
      <Filter>Header Files</Filter>
    </ClInclude>
    <ClInclude Include="..\Include\Audio.h">
      <Filter>Header Files</Filter>
    </ClInclude>
    <ClInclude Include="..\Include\menu.h">
      <Filter>Game States</Filter>
    </ClInclude>
    <ClInclude Include="..\Include\play.h">
      <Filter>Game States</Filter>
    </ClInclude>
    <ClInclude Include="..\Include\credits.h">
      <Filter>Game States</Filter>
    </ClInclude>
    <ClInclude Include="Mouse.h">
      <Filter>Header Files</Filter>
    </ClInclude>
  </ItemGroup>
  <ItemGroup>
    <ClCompile Include="..\Source\Sprite.cpp">
      <Filter>Source Files</Filter>
    </ClCompile>
    <ClCompile Include="..\Source\ImgManager.cpp">
      <Filter>Source Files</Filter>
    </ClCompile>
    <ClCompile Include="..\Source\main.cpp">
      <Filter>Source Files</Filter>
    </ClCompile>
    <ClCompile Include="..\Source\Audio.cpp">
      <Filter>Source Files</Filter>
    </ClCompile>
    <ClCompile Include="..\Source\State.cpp">
      <Filter>Source Files</Filter>
    </ClCompile>
    <ClCompile Include="..\Source\menu.cpp">
      <Filter>Game States</Filter>
    </ClCompile>
    <ClCompile Include="..\Source\play.cpp">
      <Filter>Game States</Filter>
    </ClCompile>
    <ClCompile Include="..\Source\credits.cpp">
      <Filter>Game States</Filter>
    </ClCompile>
    <ClCompile Include="Mouse.cpp">
      <Filter>Source Files</Filter>
    </ClCompile>
  </ItemGroup>
</Project>